# This file was autogenerated by Stack.
# You should not edit this file by hand.
# For more information, please see the documentation at:
#   https://docs.haskellstack.org/en/stable/lock_files

packages:
- completed:
    hackage: dijkstra-simple-0.1.0@sha256:c8ef4401c26369aaea1531eafb59a253cfe9b88f5608c4874e7a9e4d64d0133a,1676
    pantry-tree:
      size: 529
      sha256: 3f992ea20c6777802688be2af0b0ddb0dd40742d21cc634483643c31cc9ef31c
  original:
    hackage: dijkstra-simple-0.1.0@sha256:c8ef4401c26369aaea1531eafb59a253cfe9b88f5608c4874e7a9e4d64d0133a,1676
- completed:
    hackage: PSQueue-1.1.0.1@sha256:498cd3d55e4644afbeaeb4d1df63392cd95826991465099395abb7d0c3ce3e58,1318
    pantry-tree:
      size: 214
      sha256: 20f22262b113ba31601dcdd2c29315f70365ab298f1ddb3a6fb2c6d8cfb07b2a
  original:
    hackage: PSQueue-1.1.0.1@sha256:498cd3d55e4644afbeaeb4d1df63392cd95826991465099395abb7d0c3ce3e58,1318
snapshots:
- completed:
    size: 586296
    url: https://raw.githubusercontent.com/commercialhaskell/stackage-snapshots/master/lts/18/18.yaml
    sha256: 63539429076b7ebbab6daa7656cfb079393bf644971156dc349d7c0453694ac2
  original:
    url: https://raw.githubusercontent.com/commercialhaskell/stackage-snapshots/master/lts/18/18.yaml
